
Microsoft Visual Studio Solution File, Format Version 12.00
# Visual Studio Version 16
VisualStudioVersion = 16.0.33529.622
MinimumVisualStudioVersion = 10.0.40219.1
Project("{FAE04EC0-301F-11D3-BF4B-00C04F79EFBC}") = "ZvonkovRus", "ZvonkovRus\ZvonkovRus.csproj", "{87909124-5717-41E1-BBF3-4E70EC2F5828}"
EndProject
Global
	GlobalSection(SolutionConfigurationPlatforms) = preSolution
		Debug|Any CPU = Debug|Any CPU
		Release|Any CPU = Release|Any CPU
	EndGlobalSection
	GlobalSection(ProjectConfigurationPlatforms) = postSolution
		{87909124-5717-41E1-BBF3-4E70EC2F5828}.Debug|Any CPU.ActiveCfg = Debug|Any CPU
		{87909124-5717-41E1-BBF3-4E70EC2F5828}.Debug|Any CPU.Build.0 = Debug|Any CPU
		{87909124-5717-41E1-BBF3-4E70EC2F5828}.Release|Any CPU.ActiveCfg = Release|Any CPU
		{87909124-5717-41E1-BBF3-4E70EC2F5828}.Release|Any CPU.Build.0 = Release|Any CPU
	EndGlobalSection
	GlobalSection(SolutionProperties) = preSolution
		HideSolutionNode = FALSE
	EndGlobalSection
	GlobalSection(ExtensibilityGlobals) = postSolution
		SolutionGuid = {F7F9F6FC-3EF8-4087-990A-ABD5AA10D85C}
	EndGlobalSection
EndGlobal
